// !$*UTF8*$!
{
	archiveVersion = 1;
	classes = {
	};
	objectVersion = 46;
	objects = {

/* Begin PBXBuildFile section */
		032441A91C80348D0067775C /* psd.jpg in Resources */ = {isa = PBXBuildFile; fileRef = 032441A81C80348D0067775C /* psd.jpg */; };
		032441AA1C80348D0067775C /* psd.jpg in Resources */ = {isa = PBXBuildFile; fileRef = 032441A81C80348D0067775C /* psd.jpg */; };
		032441AB1C80348D0067775C /* psd.jpg in Resources */ = {isa = PBXBuildFile; fileRef = 032441A81C80348D0067775C /* psd.jpg */; };
		032441AD1C8035CF0067775C /* IMG_1.JPG in Resources */ = {isa = PBXBuildFile; fileRef = 032441AC1C8035CF0067775C /* IMG_1.JPG */; };
		032441AE1C8035CF0067775C /* IMG_1.JPG in Resources */ = {isa = PBXBuildFile; fileRef = 032441AC1C8035CF0067775C /* IMG_1.JPG */; };
		032441AF1C8035CF0067775C /* IMG_1.JPG in Resources */ = {isa = PBXBuildFile; fileRef = 032441AC1C8035CF0067775C /* IMG_1.JPG */; };
		032441B51C8043200067775C /* haarcascade_frontalface_alt2.xml in Resources */ = {isa = PBXBuildFile; fileRef = 032441B41C8043200067775C /* haarcascade_frontalface_alt2.xml */; };
		032441B61C8043200067775C /* haarcascade_frontalface_alt2.xml in Resources */ = {isa = PBXBuildFile; fileRef = 032441B41C8043200067775C /* haarcascade_frontalface_alt2.xml */; };
		032441B71C8043200067775C /* haarcascade_frontalface_alt2.xml in Resources */ = {isa = PBXBuildFile; fileRef = 032441B41C8043200067775C /* haarcascade_frontalface_alt2.xml */; };
		0328401D1C79CB4D00C695F9 /* icon.png in Resources */ = {isa = PBXBuildFile; fileRef = 0328401A1C79CB4D00C695F9 /* icon.png */; };
		0328401E1C79CB4D00C695F9 /* icon.png in Resources */ = {isa = PBXBuildFile; fileRef = 0328401A1C79CB4D00C695F9 /* icon.png */; };
		0328401F1C79CB4D00C695F9 /* icon.png in Resources */ = {isa = PBXBuildFile; fileRef = 0328401A1C79CB4D00C695F9 /* icon.png */; };
		032840201C79CB4D00C695F9 /* icon@57px.png in Resources */ = {isa = PBXBuildFile; fileRef = 0328401B1C79CB4D00C695F9 /* icon@57px.png */; };
		032840211C79CB4D00C695F9 /* icon@57px.png in Resources */ = {isa = PBXBuildFile; fileRef = 0328401B1C79CB4D00C695F9 /* icon@57px.png */; };
		032840221C79CB4D00C695F9 /* icon@57px.png in Resources */ = {isa = PBXBuildFile; fileRef = 0328401B1C79CB4D00C695F9 /* icon@57px.png */; };
		032840231C79CB4D00C695F9 /* icon@60px.png in Resources */ = {isa = PBXBuildFile; fileRef = 0328401C1C79CB4D00C695F9 /* icon@60px.png */; };
		032840241C79CB4D00C695F9 /* icon@60px.png in Resources */ = {isa = PBXBuildFile; fileRef = 0328401C1C79CB4D00C695F9 /* icon@60px.png */; };
		032840251C79CB4D00C695F9 /* icon@60px.png in Resources */ = {isa = PBXBuildFile; fileRef = 0328401C1C79CB4D00C695F9 /* icon@60px.png */; };
		03807B2D1C7CBEC100B6347F /* test.jpg in Resources */ = {isa = PBXBuildFile; fileRef = 03807B2C1C7CBEC100B6347F /* test.jpg */; };
		03807B2E1C7CBEC100B6347F /* test.jpg in Resources */ = {isa = PBXBuildFile; fileRef = 03807B2C1C7CBEC100B6347F /* test.jpg */; };
		03807B2F1C7CBEC100B6347F /* test.jpg in Resources */ = {isa = PBXBuildFile; fileRef = 03807B2C1C7CBEC100B6347F /* test.jpg */; };
		03807B321C7E1D4600B6347F /* testController.m in Sources */ = {isa = PBXBuildFile; fileRef = 03807B311C7E1D4600B6347F /* testController.m */; };
		03807B331C7E1D4600B6347F /* testController.m in Sources */ = {isa = PBXBuildFile; fileRef = 03807B311C7E1D4600B6347F /* testController.m */; };
		03807B341C7E1D4600B6347F /* testController.m in Sources */ = {isa = PBXBuildFile; fileRef = 03807B311C7E1D4600B6347F /* testController.m */; };
		03ACDD381C7988A30016943B /* opencv2.framework in Frameworks */ = {isa = PBXBuildFile; fileRef = 03ACDD371C7988A30016943B /* opencv2.framework */; };
		03ACDD391C7988A30016943B /* opencv2.framework in Frameworks */ = {isa = PBXBuildFile; fileRef = 03ACDD371C7988A30016943B /* opencv2.framework */; };
		03ACDD3A1C7988A30016943B /* opencv2.framework in Frameworks */ = {isa = PBXBuildFile; fileRef = 03ACDD371C7988A30016943B /* opencv2.framework */; };
		03ACDD3E1C798F620016943B /* UIImage+OpenCV.mm in Sources */ = {isa = PBXBuildFile; fileRef = 03ACDD3D1C798F620016943B /* UIImage+OpenCV.mm */; };
		03ACDD3F1C798F620016943B /* UIImage+OpenCV.mm in Sources */ = {isa = PBXBuildFile; fileRef = 03ACDD3D1C798F620016943B /* UIImage+OpenCV.mm */; };
		03ACDD401C798F620016943B /* UIImage+OpenCV.mm in Sources */ = {isa = PBXBuildFile; fileRef = 03ACDD3D1C798F620016943B /* UIImage+OpenCV.mm */; };
		03ACDD461C799AC70016943B /* CoreMedia.framework in Frameworks */ = {isa = PBXBuildFile; fileRef = 03ACDD451C799AC70016943B /* CoreMedia.framework */; };
		03ACDD481C799AD50016943B /* UIKit.framework in Frameworks */ = {isa = PBXBuildFile; fileRef = 03ACDD471C799AD50016943B /* UIKit.framework */; };
		03ACDD4A1C799ADE0016943B /* Foundation.framework in Frameworks */ = {isa = PBXBuildFile; fileRef = 03ACDD491C799ADE0016943B /* Foundation.framework */; };
		03ACDD4C1C799AE40016943B /* ImageIO.framework in Frameworks */ = {isa = PBXBuildFile; fileRef = 03ACDD4B1C799AE40016943B /* ImageIO.framework */; };
		03D10ACC1C780F5200DCFCA6 /* main.m in Sources */ = {isa = PBXBuildFile; fileRef = 03D10ACB1C780F5200DCFCA6 /* main.m */; };
		03D10ACF1C780F5200DCFCA6 /* AppDelegate.m in Sources */ = {isa = PBXBuildFile; fileRef = 03D10ACE1C780F5200DCFCA6 /* AppDelegate.m */; };
		03D10AD21C780F5200DCFCA6 /* ViewController.mm in Sources */ = {isa = PBXBuildFile; fileRef = 03D10AD11C780F5200DCFCA6 /* ViewController.mm */; };
		03D10AD51C780F5200DCFCA6 /* Main.storyboard in Resources */ = {isa = PBXBuildFile; fileRef = 03D10AD31C780F5200DCFCA6 /* Main.storyboard */; };
		03D10AD71C780F5200DCFCA6 /* Assets.xcassets in Resources */ = {isa = PBXBuildFile; fileRef = 03D10AD61C780F5200DCFCA6 /* Assets.xcassets */; };
		03D10ADA1C780F5200DCFCA6 /* LaunchScreen.storyboard in Resources */ = {isa = PBXBuildFile; fileRef = 03D10AD81C780F5200DCFCA6 /* LaunchScreen.storyboard */; };
		03D10AE51C780F5200DCFCA6 /* cameraDealTests.m in Sources */ = {isa = PBXBuildFile; fileRef = 03D10AE41C780F5200DCFCA6 /* cameraDealTests.m */; };
		03D10AF01C780F5200DCFCA6 /* cameraDealUITests.m in Sources */ = {isa = PBXBuildFile; fileRef = 03D10AEF1C780F5200DCFCA6 /* cameraDealUITests.m */; };
		03D10AFE1C78119000DCFCA6 /* AVFoundation.framework in Frameworks */ = {isa = PBXBuildFile; fileRef = 03D10AFD1C78119000DCFCA6 /* AVFoundation.framework */; };
		03D10B001C781B5C00DCFCA6 /* mailicon.png in Resources */ = {isa = PBXBuildFile; fileRef = 03D10AFF1C781B5C00DCFCA6 /* mailicon.png */; };
		03D10B011C781B5C00DCFCA6 /* mailicon.png in Resources */ = {isa = PBXBuildFile; fileRef = 03D10AFF1C781B5C00DCFCA6 /* mailicon.png */; };
		03D10B021C781B5C00DCFCA6 /* mailicon.png in Resources */ = {isa = PBXBuildFile; fileRef = 03D10AFF1C781B5C00DCFCA6 /* mailicon.png */; };
		03D10B0D1C782CCE00DCFCA6 /* GCDGroup.m in Sources */ = {isa = PBXBuildFile; fileRef = 03D10B061C782CCE00DCFCA6 /* GCDGroup.m */; };
		03D10B0E1C782CCE00DCFCA6 /* GCDGroup.m in Sources */ = {isa = PBXBuildFile; fileRef = 03D10B061C782CCE00DCFCA6 /* GCDGroup.m */; };
		03D10B0F1C782CCE00DCFCA6 /* GCDGroup.m in Sources */ = {isa = PBXBuildFile; fileRef = 03D10B061C782CCE00DCFCA6 /* GCDGroup.m */; };
		03D10B101C782CCE00DCFCA6 /* GCDQueue.m in Sources */ = {isa = PBXBuildFile; fileRef = 03D10B081C782CCE00DCFCA6 /* GCDQueue.m */; };
		03D10B111C782CCE00DCFCA6 /* GCDQueue.m in Sources */ = {isa = PBXBuildFile; fileRef = 03D10B081C782CCE00DCFCA6 /* GCDQueue.m */; };
		03D10B121C782CCE00DCFCA6 /* GCDQueue.m in Sources */ = {isa = PBXBuildFile; fileRef = 03D10B081C782CCE00DCFCA6 /* GCDQueue.m */; };
		03D10B131C782CCE00DCFCA6 /* GCDSemaphore.m in Sources */ = {isa = PBXBuildFile; fileRef = 03D10B0A1C782CCE00DCFCA6 /* GCDSemaphore.m */; };
		03D10B141C782CCE00DCFCA6 /* GCDSemaphore.m in Sources */ = {isa = PBXBuildFile; fileRef = 03D10B0A1C782CCE00DCFCA6 /* GCDSemaphore.m */; };
		03D10B151C782CCE00DCFCA6 /* GCDSemaphore.m in Sources */ = {isa = PBXBuildFile; fileRef = 03D10B0A1C782CCE00DCFCA6 /* GCDSemaphore.m */; };
		03D10B161C782CCE00DCFCA6 /* GCDTimer.m in Sources */ = {isa = PBXBuildFile; fileRef = 03D10B0C1C782CCE00DCFCA6 /* GCDTimer.m */; };
		03D10B171C782CCE00DCFCA6 /* GCDTimer.m in Sources */ = {isa = PBXBuildFile; fileRef = 03D10B0C1C782CCE00DCFCA6 /* GCDTimer.m */; };
		03D10B181C782CCE00DCFCA6 /* GCDTimer.m in Sources */ = {isa = PBXBuildFile; fileRef = 03D10B0C1C782CCE00DCFCA6 /* GCDTimer.m */; };
		03D10B1A1C78411500DCFCA6 /* CoreGraphics.framework in Frameworks */ = {isa = PBXBuildFile; fileRef = 03D10B191C78411500DCFCA6 /* CoreGraphics.framework */; };
		03D10B1C1C78411F00DCFCA6 /* CoreImage.framework in Frameworks */ = {isa = PBXBuildFile; fileRef = 03D10B1B1C78411F00DCFCA6 /* CoreImage.framework */; };
		03D10B1F1C7875AC00DCFCA6 /* dealFaceFace.mm in Sources */ = {isa = PBXBuildFile; fileRef = 03D10B1E1C7875AC00DCFCA6 /* dealFaceFace.mm */; };
		03D10B201C7875AC00DCFCA6 /* dealFaceFace.mm in Sources */ = {isa = PBXBuildFile; fileRef = 03D10B1E1C7875AC00DCFCA6 /* dealFaceFace.mm */; };
		03D10B211C7875AC00DCFCA6 /* dealFaceFace.mm in Sources */ = {isa = PBXBuildFile; fileRef = 03D10B1E1C7875AC00DCFCA6 /* dealFaceFace.mm */; };
		03ECB0E01C7AF07B0072F241 /* TesseractOCR.framework in Frameworks */ = {isa = PBXBuildFile; fileRef = 03ECB0A01C7AF07B0072F241 /* TesseractOCR.framework */; };
		03ECB0E11C7AF07B0072F241 /* TesseractOCR.framework in Frameworks */ = {isa = PBXBuildFile; fileRef = 03ECB0A01C7AF07B0072F241 /* TesseractOCR.framework */; };
		03ECB0E21C7AF07B0072F241 /* TesseractOCR.framework in Frameworks */ = {isa = PBXBuildFile; fileRef = 03ECB0A01C7AF07B0072F241 /* TesseractOCR.framework */; };
		03ECB0E41C7AF1610072F241 /* tessdata in Resources */ = {isa = PBXBuildFile; fileRef = 03ECB0E31C7AF1610072F241 /* tessdata */; };
		03ECB0E51C7AF1610072F241 /* tessdata in Resources */ = {isa = PBXBuildFile; fileRef = 03ECB0E31C7AF1610072F241 /* tessdata */; };
		03ECB0E61C7AF1610072F241 /* tessdata in Resources */ = {isa = PBXBuildFile; fileRef = 03ECB0E31C7AF1610072F241 /* tessdata */; };
		03ECB0E81C7AF1900072F241 /* libstdc++.6.0.9.tbd in Frameworks */ = {isa = PBXBuildFile; fileRef = 03ECB0E71C7AF1900072F241 /* libstdc++.6.0.9.tbd */; };
		03ECB0EB1C7AF2BB0072F241 /* libstdc++.tbd in Frameworks */ = {isa = PBXBuildFile; fileRef = 03ECB0E91C7AF2A90072F241 /* libstdc++.tbd */; };
		03FDE0091C9A81CF004FD897 /* BinaryzationPhoto.cpp in Sources */ = {isa = PBXBuildFile; fileRef = 03FDDFFF1C9A81CF004FD897 /* BinaryzationPhoto.cpp */; };
		03FDE00A1C9A81CF004FD897 /* BlurPhoto.cpp in Sources */ = {isa = PBXBuildFile; fileRef = 03FDE0011C9A81CF004FD897 /* BlurPhoto.cpp */; };
		03FDE00B1C9A81CF004FD897 /* Common.cpp in Sources */ = {isa = PBXBuildFile; fileRef = 03FDE0031C9A81CF004FD897 /* Common.cpp */; };
		03FDE00C1C9A81CF004FD897 /* numberPhoto.cpp in Sources */ = {isa = PBXBuildFile; fileRef = 03FDE0051C9A81CF004FD897 /* numberPhoto.cpp */; };
		03FDE00D1C9A81CF004FD897 /* Pixels.cpp in Sources */ = {isa = PBXBuildFile; fileRef = 03FDE0071C9A81CF004FD897 /* Pixels.cpp */; };
/* End PBXBuildFile section */

/* Begin PBXContainerItemProxy section */
		03D10AE11C780F5200DCFCA6 /* PBXContainerItemProxy */ = {
			isa = PBXContainerItemProxy;
			containerPortal = 03D10ABF1C780F5200DCFCA6 /* Project object */;
			proxyType = 1;
			remoteGlobalIDString = 03D10AC61C780F5200DCFCA6;
			remoteInfo = cameraDeal;
		};
		03D10AEC1C780F5200DCFCA6 /* PBXContainerItemProxy */ = {
			isa = PBXContainerItemProxy;
			containerPortal = 03D10ABF1C780F5200DCFCA6 /* Project object */;
			proxyType = 1;
			remoteGlobalIDString = 03D10AC61C780F5200DCFCA6;
			remoteInfo = cameraDeal;
		};
/* End PBXContainerItemProxy section */

/* Begin PBXFileReference section */
		032441A81C80348D0067775C /* psd.jpg */ = {isa = PBXFileReference; lastKnownFileType = image.jpeg; path = psd.jpg; sourceTree = "<group>"; };
		032441AC1C8035CF0067775C /* IMG_1.JPG */ = {isa = PBXFileReference; lastKnownFileType = image.jpeg; path = IMG_1.JPG; sourceTree = "<group>"; };
		032441B41C8043200067775C /* haarcascade_frontalface_alt2.xml */ = {isa = PBXFileReference; fileEncoding = 4; lastKnownFileType = text.xml; path = haarcascade_frontalface_alt2.xml; sourceTree = "<group>"; };
		0328401A1C79CB4D00C695F9 /* icon.png */ = {isa = PBXFileReference; lastKnownFileType = image.png; path = icon.png; sourceTree = "<group>"; };
		0328401B1C79CB4D00C695F9 /* icon@57px.png */ = {isa = PBXFileReference; lastKnownFileType = image.png; path = "icon@57px.png"; sourceTree = "<group>"; };
		0328401C1C79CB4D00C695F9 /* icon@60px.png */ = {isa = PBXFileReference; lastKnownFileType = image.png; path = "icon@60px.png"; sourceTree = "<group>"; };
		03807B2C1C7CBEC100B6347F /* test.jpg */ = {isa = PBXFileReference; lastKnownFileType = image.jpeg; path = test.jpg; sourceTree = "<group>"; };
		03807B301C7E1D4600B6347F /* testController.h */ = {isa = PBXFileReference; fileEncoding = 4; lastKnownFileType = sourcecode.c.h; path = testController.h; sourceTree = "<group>"; };
		03807B311C7E1D4600B6347F /* testController.m */ = {isa = PBXFileReference; fileEncoding = 4; lastKnownFileType = sourcecode.c.objc; path = testController.m; sourceTree = "<group>"; };
		03ACDD371C7988A30016943B /* opencv2.framework */ = {isa = PBXFileReference; lastKnownFileType = wrapper.framework; name = opencv2.framework; path = cameraDeal/opencv2.framework; sourceTree = "<group>"; };
		03ACDD3B1C798A9B0016943B /* cameraDeal.pch */ = {isa = PBXFileReference; fileEncoding = 4; lastKnownFileType = sourcecode.c.h; path = cameraDeal.pch; sourceTree = "<group>"; };
		03ACDD3C1C798F620016943B /* UIImage+OpenCV.h */ = {isa = PBXFileReference; fileEncoding = 4; lastKnownFileType = sourcecode.c.h; path = "UIImage+OpenCV.h"; sourceTree = "<group>"; };
		03ACDD3D1C798F620016943B /* UIImage+OpenCV.mm */ = {isa = PBXFileReference; fileEncoding = 4; lastKnownFileType = sourcecode.cpp.objcpp; path = "UIImage+OpenCV.mm"; sourceTree = "<group>"; };
		03ACDD451C799AC70016943B /* CoreMedia.framework */ = {isa = PBXFileReference; lastKnownFileType = wrapper.framework; name = CoreMedia.framework; path = System/Library/Frameworks/CoreMedia.framework; sourceTree = SDKROOT; };
		03ACDD471C799AD50016943B /* UIKit.framework */ = {isa = PBXFileReference; lastKnownFileType = wrapper.framework; name = UIKit.framework; path = System/Library/Frameworks/UIKit.framework; sourceTree = SDKROOT; };
		03ACDD491C799ADE0016943B /* Foundation.framework */ = {isa = PBXFileReference; lastKnownFileType = wrapper.framework; name = Foundation.framework; path = System/Library/Frameworks/Foundation.framework; sourceTree = SDKROOT; };
		03ACDD4B1C799AE40016943B /* ImageIO.framework */ = {isa = PBXFileReference; lastKnownFileType = wrapper.framework; name = ImageIO.framework; path = System/Library/Frameworks/ImageIO.framework; sourceTree = SDKROOT; };
		03D10AC71C780F5200DCFCA6 /* cameraDeal.app */ = {isa = PBXFileReference; explicitFileType = wrapper.application; includeInIndex = 0; path = cameraDeal.app; sourceTree = BUILT_PRODUCTS_DIR; };
		03D10ACB1C780F5200DCFCA6 /* main.m */ = {isa = PBXFileReference; lastKnownFileType = sourcecode.c.objc; path = main.m; sourceTree = "<group>"; };
		03D10ACD1C780F5200DCFCA6 /* AppDelegate.h */ = {isa = PBXFileReference; lastKnownFileType = sourcecode.c.h; path = AppDelegate.h; sourceTree = "<group>"; };
		03D10ACE1C780F5200DCFCA6 /* AppDelegate.m */ = {isa = PBXFileReference; lastKnownFileType = sourcecode.c.objc; path = AppDelegate.m; sourceTree = "<group>"; };
		03D10AD01C780F5200DCFCA6 /* ViewController.h */ = {isa = PBXFileReference; lastKnownFileType = sourcecode.c.h; path = ViewController.h; sourceTree = "<group>"; };
		03D10AD11C780F5200DCFCA6 /* ViewController.mm */ = {isa = PBXFileReference; lastKnownFileType = sourcecode.cpp.objcpp; path = ViewController.mm; sourceTree = "<group>"; };
		03D10AD41C780F5200DCFCA6 /* Base */ = {isa = PBXFileReference; lastKnownFileType = file.storyboard; name = Base; path = Base.lproj/Main.storyboard; sourceTree = "<group>"; };
		03D10AD61C780F5200DCFCA6 /* Assets.xcassets */ = {isa = PBXFileReference; lastKnownFileType = folder.assetcatalog; path = Assets.xcassets; sourceTree = "<group>"; };
		03D10AD91C780F5200DCFCA6 /* Base */ = {isa = PBXFileReference; lastKnownFileType = file.storyboard; name = Base; path = Base.lproj/LaunchScreen.storyboard; sourceTree = "<group>"; };
		03D10ADB1C780F5200DCFCA6 /* Info.plist */ = {isa = PBXFileReference; lastKnownFileType = text.plist.xml; path = Info.plist; sourceTree = "<group>"; };
		03D10AE01C780F5200DCFCA6 /* cameraDealTests.xctest */ = {isa = PBXFileReference; explicitFileType = wrapper.cfbundle; includeInIndex = 0; path = cameraDealTests.xctest; sourceTree = BUILT_PRODUCTS_DIR; };
		03D10AE41C780F5200DCFCA6 /* cameraDealTests.m */ = {isa = PBXFileReference; lastKnownFileType = sourcecode.c.objc; path = cameraDealTests.m; sourceTree = "<group>"; };
		03D10AE61C780F5200DCFCA6 /* Info.plist */ = {isa = PBXFileReference; lastKnownFileType = text.plist.xml; path = Info.plist; sourceTree = "<group>"; };
		03D10AEB1C780F5200DCFCA6 /* cameraDealUITests.xctest */ = {isa = PBXFileReference; explicitFileType = wrapper.cfbundle; includeInIndex = 0; path = cameraDealUITests.xctest; sourceTree = BUILT_PRODUCTS_DIR; };
		03D10AEF1C780F5200DCFCA6 /* cameraDealUITests.m */ = {isa = PBXFileReference; lastKnownFileType = sourcecode.c.objc; path = cameraDealUITests.m; sourceTree = "<group>"; };
		03D10AF11C780F5200DCFCA6 /* Info.plist */ = {isa = PBXFileReference; lastKnownFileType = text.plist.xml; path = Info.plist; sourceTree = "<group>"; };
		03D10AFD1C78119000DCFCA6 /* AVFoundation.framework */ = {isa = PBXFileReference; lastKnownFileType = wrapper.framework; name = AVFoundation.framework; path = System/Library/Frameworks/AVFoundation.framework; sourceTree = SDKROOT; };
		03D10AFF1C781B5C00DCFCA6 /* mailicon.png */ = {isa = PBXFileReference; lastKnownFileType = image.png; path = mailicon.png; sourceTree = "<group>"; };
		03D10B041C782CCE00DCFCA6 /* GCD.h */ = {isa = PBXFileReference; fileEncoding = 4; lastKnownFileType = sourcecode.c.h; path = GCD.h; sourceTree = "<group>"; };
		03D10B051C782CCE00DCFCA6 /* GCDGroup.h */ = {isa = PBXFileReference; fileEncoding = 4; lastKnownFileType = sourcecode.c.h; path = GCDGroup.h; sourceTree = "<group>"; };
		03D10B061C782CCE00DCFCA6 /* GCDGroup.m */ = {isa = PBXFileReference; fileEncoding = 4; lastKnownFileType = sourcecode.c.objc; path = GCDGroup.m; sourceTree = "<group>"; };
		03D10B071C782CCE00DCFCA6 /* GCDQueue.h */ = {isa = PBXFileReference; fileEncoding = 4; lastKnownFileType = sourcecode.c.h; path = GCDQueue.h; sourceTree = "<group>"; };
		03D10B081C782CCE00DCFCA6 /* GCDQueue.m */ = {isa = PBXFileReference; fileEncoding = 4; lastKnownFileType = sourcecode.c.objc; path = GCDQueue.m; sourceTree = "<group>"; };
		03D10B091C782CCE00DCFCA6 /* GCDSemaphore.h */ = {isa = PBXFileReference; fileEncoding = 4; lastKnownFileType = sourcecode.c.h; path = GCDSemaphore.h; sourceTree = "<group>"; };
		03D10B0A1C782CCE00DCFCA6 /* GCDSemaphore.m */ = {isa = PBXFileReference; fileEncoding = 4; lastKnownFileType = sourcecode.c.objc; path = GCDSemaphore.m; sourceTree = "<group>"; };
		03D10B0B1C782CCE00DCFCA6 /* GCDTimer.h */ = {isa = PBXFileReference; fileEncoding = 4; lastKnownFileType = sourcecode.c.h; path = GCDTimer.h; sourceTree = "<group>"; };
		03D10B0C1C782CCE00DCFCA6 /* GCDTimer.m */ = {isa = PBXFileReference; fileEncoding = 4; lastKnownFileType = sourcecode.c.objc; path = GCDTimer.m; sourceTree = "<group>"; };
		03D10B191C78411500DCFCA6 /* CoreGraphics.framework */ = {isa = PBXFileReference; lastKnownFileType = wrapper.framework; name = CoreGraphics.framework; path = System/Library/Frameworks/CoreGraphics.framework; sourceTree = SDKROOT; };
		03D10B1B1C78411F00DCFCA6 /* CoreImage.framework */ = {isa = PBXFileReference; lastKnownFileType = wrapper.framework; name = CoreImage.framework; path = System/Library/Frameworks/CoreImage.framework; sourceTree = SDKROOT; };
		03D10B1D1C7875AC00DCFCA6 /* dealFaceFace.h */ = {isa = PBXFileReference; fileEncoding = 4; lastKnownFileType = sourcecode.c.h; path = dealFaceFace.h; sourceTree = "<group>"; };
		03D10B1E1C7875AC00DCFCA6 /* dealFaceFace.mm */ = {isa = PBXFileReference; fileEncoding = 4; lastKnownFileType = sourcecode.cpp.objcpp; path = dealFaceFace.mm; sourceTree = "<group>"; };
		03ECB0A01C7AF07B0072F241 /* TesseractOCR.framework */ = {isa = PBXFileReference; lastKnownFileType = wrapper.framework; name = TesseractOCR.framework; path = cameraDeal/TesseractOCR.framework; sourceTree = "<group>"; };
		03ECB0E31C7AF1610072F241 /* tessdata */ = {isa = PBXFileReference; lastKnownFileType = folder; path = tessdata; sourceTree = "<group>"; };
		03ECB0E71C7AF1900072F241 /* libstdc++.6.0.9.tbd */ = {isa = PBXFileReference; lastKnownFileType = "sourcecode.text-based-dylib-definition"; name = "libstdc++.6.0.9.tbd"; path = "usr/lib/libstdc++.6.0.9.tbd"; sourceTree = SDKROOT; };
		03ECB0E91C7AF2A90072F241 /* libstdc++.tbd */ = {isa = PBXFileReference; lastKnownFileType = "sourcecode.text-based-dylib-definition"; name = "libstdc++.tbd"; path = "usr/lib/libstdc++.tbd"; sourceTree = SDKROOT; };
		03FDDFFF1C9A81CF004FD897 /* BinaryzationPhoto.cpp */ = {isa = PBXFileReference; fileEncoding = 4; lastKnownFileType = sourcecode.cpp.cpp; path = BinaryzationPhoto.cpp; sourceTree = "<group>"; };
		03FDE0001C9A81CF004FD897 /* BinaryzationPhoto.hpp */ = {isa = PBXFileReference; fileEncoding = 4; lastKnownFileType = sourcecode.cpp.h; path = BinaryzationPhoto.hpp; sourceTree = "<group>"; };
		03FDE0011C9A81CF004FD897 /* BlurPhoto.cpp */ = {isa = PBXFileReference; fileEncoding = 4; lastKnownFileType = sourcecode.cpp.cpp; path = BlurPhoto.cpp; sourceTree = "<group>"; };
		03FDE0021C9A81CF004FD897 /* BlurPhoto.hpp */ = {isa = PBXFileReference; fileEncoding = 4; lastKnownFileType = sourcecode.cpp.h; path = BlurPhoto.hpp; sourceTree = "<group>"; };
		03FDE0031C9A81CF004FD897 /* Common.cpp */ = {isa = PBXFileReference; fileEncoding = 4; lastKnownFileType = sourcecode.cpp.cpp; path = Common.cpp; sourceTree = "<group>"; };
		03FDE0041C9A81CF004FD897 /* Common.hpp */ = {isa = PBXFileReference; fileEncoding = 4; lastKnownFileType = sourcecode.cpp.h; path = Common.hpp; sourceTree = "<group>"; };
		03FDE0051C9A81CF004FD897 /* numberPhoto.cpp */ = {isa = PBXFileReference; fileEncoding = 4; lastKnownFileType = sourcecode.cpp.cpp; path = numberPhoto.cpp; sourceTree = "<group>"; };
		03FDE0061C9A81CF004FD897 /* numberPhoto.hpp */ = {isa = PBXFileReference; fileEncoding = 4; lastKnownFileType = sourcecode.cpp.h; path = numberPhoto.hpp; sourceTree = "<group>"; };
		03FDE0071C9A81CF004FD897 /* Pixels.cpp */ = {isa = PBXFileReference; fileEncoding = 4; lastKnownFileType = sourcecode.cpp.cpp; path = Pixels.cpp; sourceTree = "<group>"; };
		03FDE0081C9A81CF004FD897 /* Pixels.hpp */ = {isa = PBXFileReference; fileEncoding = 4; lastKnownFileType = sourcecode.cpp.h; path = Pixels.hpp; sourceTree = "<group>"; };
/* End PBXFileReference section */

/* Begin PBXFrameworksBuildPhase section */
		03D10AC41C780F5200DCFCA6 /* Frameworks */ = {
			isa = PBXFrameworksBuildPhase;
			buildActionMask = 2147483647;
			files = (
				03ECB0EB1C7AF2BB0072F241 /* libstdc++.tbd in Frameworks */,
				03ECB0E81C7AF1900072F241 /* libstdc++.6.0.9.tbd in Frameworks */,
				03ACDD4C1C799AE40016943B /* ImageIO.framework in Frameworks */,
				03ACDD4A1C799ADE0016943B /* Foundation.framework in Frameworks */,
				03ACDD481C799AD50016943B /* UIKit.framework in Frameworks */,
				03ACDD461C799AC70016943B /* CoreMedia.framework in Frameworks */,
				03D10B1C1C78411F00DCFCA6 /* CoreImage.framework in Frameworks */,
				03D10B1A1C78411500DCFCA6 /* CoreGraphics.framework in Frameworks */,
				03ACDD381C7988A30016943B /* opencv2.framework in Frameworks */,
				03ECB0E01C7AF07B0072F241 /* TesseractOCR.framework in Frameworks */,
				03D10AFE1C78119000DCFCA6 /* AVFoundation.framework in Frameworks */,
			);
			runOnlyForDeploymentPostprocessing = 0;
		};
		03D10ADD1C780F5200DCFCA6 /* Frameworks */ = {
			isa = PBXFrameworksBuildPhase;
			buildActionMask = 2147483647;
			files = (
				03ECB0E11C7AF07B0072F241 /* TesseractOCR.framework in Frameworks */,
				03ACDD391C7988A30016943B /* opencv2.framework in Frameworks */,
			);
			runOnlyForDeploymentPostprocessing = 0;
		};
		03D10AE81C780F5200DCFCA6 /* Frameworks */ = {
			isa = PBXFrameworksBuildPhase;
			buildActionMask = 2147483647;
			files = (
				03ECB0E21C7AF07B0072F241 /* TesseractOCR.framework in Frameworks */,
				03ACDD3A1C7988A30016943B /* opencv2.framework in Frameworks */,
			);
			runOnlyForDeploymentPostprocessing = 0;
		};
/* End PBXFrameworksBuildPhase section */

/* Begin PBXGroup section */
		03D10ABE1C780F5200DCFCA6 = {
			isa = PBXGroup;
			children = (
				03ECB0E91C7AF2A90072F241 /* libstdc++.tbd */,
				03ECB0E71C7AF1900072F241 /* libstdc++.6.0.9.tbd */,
				03ECB0A01C7AF07B0072F241 /* TesseractOCR.framework */,
				03ACDD4B1C799AE40016943B /* ImageIO.framework */,
				03ACDD491C799ADE0016943B /* Foundation.framework */,
				03ACDD471C799AD50016943B /* UIKit.framework */,
				03ACDD451C799AC70016943B /* CoreMedia.framework */,
				03ACDD371C7988A30016943B /* opencv2.framework */,
				03D10B1B1C78411F00DCFCA6 /* CoreImage.framework */,
				03D10B191C78411500DCFCA6 /* CoreGraphics.framework */,
				03D10AFD1C78119000DCFCA6 /* AVFoundation.framework */,
				03D10AC91C780F5200DCFCA6 /* cameraDeal */,
				03D10AE31C780F5200DCFCA6 /* cameraDealTests */,
				03D10AEE1C780F5200DCFCA6 /* cameraDealUITests */,
				03D10AC81C780F5200DCFCA6 /* Products */,
			);
			sourceTree = "<group>";
		};
		03D10AC81C780F5200DCFCA6 /* Products */ = {
			isa = PBXGroup;
			children = (
				03D10AC71C780F5200DCFCA6 /* cameraDeal.app */,
				03D10AE01C780F5200DCFCA6 /* cameraDealTests.xctest */,
				03D10AEB1C780F5200DCFCA6 /* cameraDealUITests.xctest */,
			);
			name = Products;
			sourceTree = "<group>";
		};
		03D10AC91C780F5200DCFCA6 /* cameraDeal */ = {
			isa = PBXGroup;
			children = (
				03FDDFFE1C9A81CF004FD897 /* C-PhotoDeal_framework */,
				032441B41C8043200067775C /* haarcascade_frontalface_alt2.xml */,
				03D10B031C782CCE00DCFCA6 /* GCD */,
				03D10ACD1C780F5200DCFCA6 /* AppDelegate.h */,
				03D10ACE1C780F5200DCFCA6 /* AppDelegate.m */,
				03D10AD01C780F5200DCFCA6 /* ViewController.h */,
				03D10AD11C780F5200DCFCA6 /* ViewController.mm */,
				03807B301C7E1D4600B6347F /* testController.h */,
				03807B311C7E1D4600B6347F /* testController.m */,
				03D10AD31C780F5200DCFCA6 /* Main.storyboard */,
				03D10AD61C780F5200DCFCA6 /* Assets.xcassets */,
				03D10AD81C780F5200DCFCA6 /* LaunchScreen.storyboard */,
				03D10ADB1C780F5200DCFCA6 /* Info.plist */,
				03D10ACA1C780F5200DCFCA6 /* Supporting Files */,
				03D10B1D1C7875AC00DCFCA6 /* dealFaceFace.h */,
				03D10B1E1C7875AC00DCFCA6 /* dealFaceFace.mm */,
				03ACDD3B1C798A9B0016943B /* cameraDeal.pch */,
				03ACDD3C1C798F620016943B /* UIImage+OpenCV.h */,
				03ACDD3D1C798F620016943B /* UIImage+OpenCV.mm */,
			);
			path = cameraDeal;
			sourceTree = "<group>";
		};
		03D10ACA1C780F5200DCFCA6 /* Supporting Files */ = {
			isa = PBXGroup;
			children = (
				032441AC1C8035CF0067775C /* IMG_1.JPG */,
				032441A81C80348D0067775C /* psd.jpg */,
				03807B2C1C7CBEC100B6347F /* test.jpg */,
				03ECB0E31C7AF1610072F241 /* tessdata */,
				0328401A1C79CB4D00C695F9 /* icon.png */,
				0328401B1C79CB4D00C695F9 /* icon@57px.png */,
				0328401C1C79CB4D00C695F9 /* icon@60px.png */,
				03D10AFF1C781B5C00DCFCA6 /* mailicon.png */,
				03D10ACB1C780F5200DCFCA6 /* main.m */,
			);
			name = "Supporting Files";
			sourceTree = "<group>";
		};
		03D10AE31C780F5200DCFCA6 /* cameraDealTests */ = {
			isa = PBXGroup;
			children = (
				03D10AE41C780F5200DCFCA6 /* cameraDealTests.m */,
				03D10AE61C780F5200DCFCA6 /* Info.plist */,
			);
			path = cameraDealTests;
			sourceTree = "<group>";
		};
		03D10AEE1C780F5200DCFCA6 /* cameraDealUITests */ = {
			isa = PBXGroup;
			children = (
				03D10AEF1C780F5200DCFCA6 /* cameraDealUITests.m */,
				03D10AF11C780F5200DCFCA6 /* Info.plist */,
			);
			path = cameraDealUITests;
			sourceTree = "<group>";
		};
		03D10B031C782CCE00DCFCA6 /* GCD */ = {
			isa = PBXGroup;
			children = (
				03D10B041C782CCE00DCFCA6 /* GCD.h */,
				03D10B051C782CCE00DCFCA6 /* GCDGroup.h */,
				03D10B061C782CCE00DCFCA6 /* GCDGroup.m */,
				03D10B071C782CCE00DCFCA6 /* GCDQueue.h */,
				03D10B081C782CCE00DCFCA6 /* GCDQueue.m */,
				03D10B091C782CCE00DCFCA6 /* GCDSemaphore.h */,
				03D10B0A1C782CCE00DCFCA6 /* GCDSemaphore.m */,
				03D10B0B1C782CCE00DCFCA6 /* GCDTimer.h */,
				03D10B0C1C782CCE00DCFCA6 /* GCDTimer.m */,
			);
			path = GCD;
			sourceTree = "<group>";
		};
		03FDDFFE1C9A81CF004FD897 /* C-PhotoDeal_framework */ = {
			isa = PBXGroup;
			children = (
				03FDDFFF1C9A81CF004FD897 /* BinaryzationPhoto.cpp */,
				03FDE0001C9A81CF004FD897 /* BinaryzationPhoto.hpp */,
				03FDE0011C9A81CF004FD897 /* BlurPhoto.cpp */,
				03FDE0021C9A81CF004FD897 /* BlurPhoto.hpp */,
				03FDE0031C9A81CF004FD897 /* Common.cpp */,
				03FDE0041C9A81CF004FD897 /* Common.hpp */,
				03FDE0051C9A81CF004FD897 /* numberPhoto.cpp */,
				03FDE0061C9A81CF004FD897 /* numberPhoto.hpp */,
				03FDE0071C9A81CF004FD897 /* Pixels.cpp */,
				03FDE0081C9A81CF004FD897 /* Pixels.hpp */,
			);
			path = "C-PhotoDeal_framework";
			sourceTree = SOURCE_ROOT;
		};
/* End PBXGroup section */

/* Begin PBXNativeTarget section */
		03D10AC61C780F5200DCFCA6 /* cameraDeal */ = {
			isa = PBXNativeTarget;
			buildConfigurationList = 03D10AF41C780F5200DCFCA6 /* Build configuration list for PBXNativeTarget "cameraDeal" */;
			buildPhases = (
				03D10AC31C780F5200DCFCA6 /* Sources */,
				03D10AC41C780F5200DCFCA6 /* Frameworks */,
				03D10AC51C780F5200DCFCA6 /* Resources */,
			);
			buildRules = (
			);
			dependencies = (
			);
			name = cameraDeal;
			productName = cameraDeal;
			productReference = 03D10AC71C780F5200DCFCA6 /* cameraDeal.app */;
			productType = "com.apple.product-type.application";
		};
		03D10ADF1C780F5200DCFCA6 /* cameraDealTests */ = {
			isa = PBXNativeTarget;
			buildConfigurationList = 03D10AF71C780F5200DCFCA6 /* Build configuration list for PBXNativeTarget "cameraDealTests" */;
			buildPhases = (
				03D10ADC1C780F5200DCFCA6 /* Sources */,
				03D10ADD1C780F5200DCFCA6 /* Frameworks */,
				03D10ADE1C780F5200DCFCA6 /* Resources */,
			);
			buildRules = (
			);
			dependencies = (
				03D10AE21C780F5200DCFCA6 /* PBXTargetDependency */,
			);
			name = cameraDealTests;
			productName = cameraDealTests;
			productReference = 03D10AE01C780F5200DCFCA6 /* cameraDealTests.xctest */;
			productType = "com.apple.product-type.bundle.unit-test";
		};
		03D10AEA1C780F5200DCFCA6 /* cameraDealUITests */ = {
			isa = PBXNativeTarget;
			buildConfigurationList = 03D10AFA1C780F5200DCFCA6 /* Build configuration list for PBXNativeTarget "cameraDealUITests" */;
			buildPhases = (
				03D10AE71C780F5200DCFCA6 /* Sources */,
				03D10AE81C780F5200DCFCA6 /* Frameworks */,
				03D10AE91C780F5200DCFCA6 /* Resources */,
			);
			buildRules = (
			);
			dependencies = (
				03D10AED1C780F5200DCFCA6 /* PBXTargetDependency */,
			);
			name = cameraDealUITests;
			productName = cameraDealUITests;
			productReference = 03D10AEB1C780F5200DCFCA6 /* cameraDealUITests.xctest */;
			productType = "com.apple.product-type.bundle.ui-testing";
		};
/* End PBXNativeTarget section */

/* Begin PBXProject section */
		03D10ABF1C780F5200DCFCA6 /* Project object */ = {
			isa = PBXProject;
			attributes = {
				LastUpgradeCheck = 0720;
				ORGANIZATIONNAME = numberwolf;
				TargetAttributes = {
					03D10AC61C780F5200DCFCA6 = {
						CreatedOnToolsVersion = 7.2;
						DevelopmentTeam = PL55CBW62Q;
					};
					03D10ADF1C780F5200DCFCA6 = {
						CreatedOnToolsVersion = 7.2;
						TestTargetID = 03D10AC61C780F5200DCFCA6;
					};
					03D10AEA1C780F5200DCFCA6 = {
						CreatedOnToolsVersion = 7.2;
						TestTargetID = 03D10AC61C780F5200DCFCA6;
					};
				};
			};
			buildConfigurationList = 03D10AC21C780F5200DCFCA6 /* Build configuration list for PBXProject "cameraDeal" */;
			compatibilityVersion = "Xcode 3.2";
			developmentRegion = English;
			hasScannedForEncodings = 0;
			knownRegions = (
				en,
				Base,
			);
			mainGroup = 03D10ABE1C780F5200DCFCA6;
			productRefGroup = 03D10AC81C780F5200DCFCA6 /* Products */;
			projectDirPath = "";
			projectRoot = "";
			targets = (
				03D10AC61C780F5200DCFCA6 /* cameraDeal */,
				03D10ADF1C780F5200DCFCA6 /* cameraDealTests */,
				03D10AEA1C780F5200DCFCA6 /* cameraDealUITests */,
			);
		};
/* End PBXProject section */

/* Begin PBXResourcesBuildPhase section */
		03D10AC51C780F5200DCFCA6 /* Resources */ = {
			isa = PBXResourcesBuildPhase;
			buildActionMask = 2147483647;
			files = (
				03D10ADA1C780F5200DCFCA6 /* LaunchScreen.storyboard in Resources */,
				032441B51C8043200067775C /* haarcascade_frontalface_alt2.xml in Resources */,
				03ECB0E41C7AF1610072F241 /* tessdata in Resources */,
				032441AD1C8035CF0067775C /* IMG_1.JPG in Resources */,
				0328401D1C79CB4D00C695F9 /* icon.png in Resources */,
				032441A91C80348D0067775C /* psd.jpg in Resources */,
				03D10AD71C780F5200DCFCA6 /* Assets.xcassets in Resources */,
				03807B2D1C7CBEC100B6347F /* test.jpg in Resources */,
				032840201C79CB4D00C695F9 /* icon@57px.png in Resources */,
				03D10AD51C780F5200DCFCA6 /* Main.storyboard in Resources */,
				032840231C79CB4D00C695F9 /* icon@60px.png in Resources */,
				03D10B001C781B5C00DCFCA6 /* mailicon.png in Resources */,
			);
			runOnlyForDeploymentPostprocessing = 0;
		};
		03D10ADE1C780F5200DCFCA6 /* Resources */ = {
			isa = PBXResourcesBuildPhase;
			buildActionMask = 2147483647;
			files = (
				032840211C79CB4D00C695F9 /* icon@57px.png in Resources */,
				032441B61C8043200067775C /* haarcascade_frontalface_alt2.xml in Resources */,
				03807B2E1C7CBEC100B6347F /* test.jpg in Resources */,
				0328401E1C79CB4D00C695F9 /* icon.png in Resources */,
				03ECB0E51C7AF1610072F241 /* tessdata in Resources */,
				03D10B011C781B5C00DCFCA6 /* mailicon.png in Resources */,
				032441AE1C8035CF0067775C /* IMG_1.JPG in Resources */,
				032441AA1C80348D0067775C /* psd.jpg in Resources */,
				032840241C79CB4D00C695F9 /* icon@60px.png in Resources */,
			);
			runOnlyForDeploymentPostprocessing = 0;
		};
		03D10AE91C780F5200DCFCA6 /* Resources */ = {
			isa = PBXResourcesBuildPhase;
			buildActionMask = 2147483647;
			files = (
				032840221C79CB4D00C695F9 /* icon@57px.png in Resources */,
				032441B71C8043200067775C /* haarcascade_frontalface_alt2.xml in Resources */,
				03807B2F1C7CBEC100B6347F /* test.jpg in Resources */,
				0328401F1C79CB4D00C695F9 /* icon.png in Resources */,
				03ECB0E61C7AF1610072F241 /* tessdata in Resources */,
				03D10B021C781B5C00DCFCA6 /* mailicon.png in Resources */,
				032441AF1C8035CF0067775C /* IMG_1.JPG in Resources */,
				032441AB1C80348D0067775C /* psd.jpg in Resources */,
				032840251C79CB4D00C695F9 /* icon@60px.png in Resources */,
			);
			runOnlyForDeploymentPostprocessing = 0;
		};
/* End PBXResourcesBuildPhase section */

/* Begin PBXSourcesBuildPhase section */
		03D10AC31C780F5200DCFCA6 /* Sources */ = {
			isa = PBXSourcesBuildPhase;
			buildActionMask = 2147483647;
			files = (
				03D10B0D1C782CCE00DCFCA6 /* GCDGroup.m in Sources */,
				03FDE00A1C9A81CF004FD897 /* BlurPhoto.cpp in Sources */,
				03FDE00D1C9A81CF004FD897 /* Pixels.cpp in Sources */,
				03D10AD21C780F5200DCFCA6 /* ViewController.mm in Sources */,
				03FDE00B1C9A81CF004FD897 /* Common.cpp in Sources */,
				03D10ACF1C780F5200DCFCA6 /* AppDelegate.m in Sources */,
				03D10ACC1C780F5200DCFCA6 /* main.m in Sources */,
				03D10B161C782CCE00DCFCA6 /* GCDTimer.m in Sources */,
				03D10B1F1C7875AC00DCFCA6 /* dealFaceFace.mm in Sources */,
				03ACDD3E1C798F620016943B /* UIImage+OpenCV.mm in Sources */,
				03FDE00C1C9A81CF004FD897 /* numberPhoto.cpp in Sources */,
				03FDE0091C9A81CF004FD897 /* BinaryzationPhoto.cpp in Sources */,
				03807B321C7E1D4600B6347F /* testController.m in Sources */,
				03D10B101C782CCE00DCFCA6 /* GCDQueue.m in Sources */,
				03D10B131C782CCE00DCFCA6 /* GCDSemaphore.m in Sources */,
			);
			runOnlyForDeploymentPostprocessing = 0;
		};
		03D10ADC1C780F5200DCFCA6 /* Sources */ = {
			isa = PBXSourcesBuildPhase;
			buildActionMask = 2147483647;
			files = (
				03807B331C7E1D4600B6347F /* testController.m in Sources */,
				03D10B0E1C782CCE00DCFCA6 /* GCDGroup.m in Sources */,
				03D10B111C782CCE00DCFCA6 /* GCDQueue.m in Sources */,
				03ACDD3F1C798F620016943B /* UIImage+OpenCV.mm in Sources */,
				03D10AE51C780F5200DCFCA6 /* cameraDealTests.m in Sources */,
				03D10B201C7875AC00DCFCA6 /* dealFaceFace.mm in Sources */,
				03D10B141C782CCE00DCFCA6 /* GCDSemaphore.m in Sources */,
				03D10B171C782CCE00DCFCA6 /* GCDTimer.m in Sources */,
			);
			runOnlyForDeploymentPostprocessing = 0;
		};
		03D10AE71C780F5200DCFCA6 /* Sources */ = {
			isa = PBXSourcesBuildPhase;
			buildActionMask = 2147483647;
			files = (
				03807B341C7E1D4600B6347F /* testController.m in Sources */,
				03D10B0F1C782CCE00DCFCA6 /* GCDGroup.m in Sources */,
				03D10B121C782CCE00DCFCA6 /* GCDQueue.m in Sources */,
				03ACDD401C798F620016943B /* UIImage+OpenCV.mm in Sources */,
				03D10AF01C780F5200DCFCA6 /* cameraDealUITests.m in Sources */,
				03D10B211C7875AC00DCFCA6 /* dealFaceFace.mm in Sources */,
				03D10B151C782CCE00DCFCA6 /* GCDSemaphore.m in Sources */,
				03D10B181C782CCE00DCFCA6 /* GCDTimer.m in Sources */,
			);
			runOnlyForDeploymentPostprocessing = 0;
		};
/* End PBXSourcesBuildPhase section */

/* Begin PBXTargetDependency section */
		03D10AE21C780F5200DCFCA6 /* PBXTargetDependency */ = {
			isa = PBXTargetDependency;
			target = 03D10AC61C780F5200DCFCA6 /* cameraDeal */;
			targetProxy = 03D10AE11C780F5200DCFCA6 /* PBXContainerItemProxy */;
		};
		03D10AED1C780F5200DCFCA6 /* PBXTargetDependency */ = {
			isa = PBXTargetDependency;
			target = 03D10AC61C780F5200DCFCA6 /* cameraDeal */;
			targetProxy = 03D10AEC1C780F5200DCFCA6 /* PBXContainerItemProxy */;
		};
/* End PBXTargetDependency section */

/* Begin PBXVariantGroup section */
		03D10AD31C780F5200DCFCA6 /* Main.storyboard */ = {
			isa = PBXVariantGroup;
			children = (
				03D10AD41C780F5200DCFCA6 /* Base */,
			);
			name = Main.storyboard;
			sourceTree = "<group>";
		};
		03D10AD81C780F5200DCFCA6 /* LaunchScreen.storyboard */ = {
			isa = PBXVariantGroup;
			children = (
				03D10AD91C780F5200DCFCA6 /* Base */,
			);
			name = LaunchScreen.storyboard;
			sourceTree = "<group>";
		};
/* End PBXVariantGroup section */

/* Begin XCBuildConfiguration section */
		03D10AF21C780F5200DCFCA6 /* Debug */ = {
			isa = XCBuildConfiguration;
			buildSettings = {
				ALWAYS_SEARCH_USER_PATHS = NO;
				CLANG_CXX_LANGUAGE_STANDARD = "gnu++0x";
				CLANG_CXX_LIBRARY = "libc++";
				CLANG_ENABLE_MODULES = YES;
				CLANG_ENABLE_OBJC_ARC = YES;
				CLANG_WARN_BOOL_CONVERSION = YES;
				CLANG_WARN_CONSTANT_CONVERSION = YES;
				CLANG_WARN_DIRECT_OBJC_ISA_USAGE = YES_ERROR;
				CLANG_WARN_EMPTY_BODY = YES;
				CLANG_WARN_ENUM_CONVERSION = YES;
				CLANG_WARN_INT_CONVERSION = YES;
				CLANG_WARN_OBJC_ROOT_CLASS = YES_ERROR;
				CLANG_WARN_UNREACHABLE_CODE = YES;
				CLANG_WARN__DUPLICATE_METHOD_MATCH = YES;
				"CODE_SIGN_IDENTITY[sdk=iphoneos*]" = "iPhone Developer";
				COPY_PHASE_STRIP = NO;
				DEBUG_INFORMATION_FORMAT = dwarf;
				ENABLE_STRICT_OBJC_MSGSEND = YES;
				ENABLE_TESTABILITY = YES;
				GCC_C_LANGUAGE_STANDARD = gnu99;
				GCC_DYNAMIC_NO_PIC = NO;
				GCC_NO_COMMON_BLOCKS = YES;
				GCC_OPTIMIZATION_LEVEL = 0;
				GCC_PRECOMPILE_PREFIX_HEADER = YES;
				GCC_PREFIX_HEADER = "$(SRCROOT)/cameraDeal/cameraDeal-Prefix.pch";
				GCC_PREPROCESSOR_DEFINITIONS = (
					"DEBUG=1",
					"$(inherited)",
				);
				GCC_WARN_64_TO_32_BIT_CONVERSION = YES;
				GCC_WARN_ABOUT_RETURN_TYPE = YES_ERROR;
				GCC_WARN_UNDECLARED_SELECTOR = YES;
				GCC_WARN_UNINITIALIZED_AUTOS = YES_AGGRESSIVE;
				GCC_WARN_UNUSED_FUNCTION = YES;
				GCC_WARN_UNUSED_VARIABLE = YES;
				IPHONEOS_DEPLOYMENT_TARGET = 9.2;
				MTL_ENABLE_DEBUG_INFO = YES;
				ONLY_ACTIVE_ARCH = YES;
				SDKROOT = iphoneos;
				TARGETED_DEVICE_FAMILY = "1,2";
			};
			name = Debug;
		};
		03D10AF31C780F5200DCFCA6 /* Release */ = {
			isa = XCBuildConfiguration;
			buildSettings = {
				ALWAYS_SEARCH_USER_PATHS = NO;
				CLANG_CXX_LANGUAGE_STANDARD = "gnu++0x";
				CLANG_CXX_LIBRARY = "libc++";
				CLANG_ENABLE_MODULES = YES;
				CLANG_ENABLE_OBJC_ARC = YES;
				CLANG_WARN_BOOL_CONVERSION = YES;
				CLANG_WARN_CONSTANT_CONVERSION = YES;
				CLANG_WARN_DIRECT_OBJC_ISA_USAGE = YES_ERROR;
				CLANG_WARN_EMPTY_BODY = YES;
				CLANG_WARN_ENUM_CONVERSION = YES;
				CLANG_WARN_INT_CONVERSION = YES;
				CLANG_WARN_OBJC_ROOT_CLASS = YES_ERROR;
				CLANG_WARN_UNREACHABLE_CODE = YES;
				CLANG_WARN__DUPLICATE_METHOD_MATCH = YES;
				"CODE_SIGN_IDENTITY[sdk=iphoneos*]" = "iPhone Developer";
				COPY_PHASE_STRIP = NO;
				DEBUG_INFORMATION_FORMAT = "dwarf-with-dsym";
				ENABLE_NS_ASSERTIONS = NO;
				ENABLE_STRICT_OBJC_MSGSEND = YES;
				GCC_C_LANGUAGE_STANDARD = gnu99;
				GCC_NO_COMMON_BLOCKS = YES;
				GCC_PRECOMPILE_PREFIX_HEADER = YES;
				GCC_PREFIX_HEADER = "$(SRCROOT)/cameraDeal/cameraDeal-Prefix.pch";
				GCC_WARN_64_TO_32_BIT_CONVERSION = YES;
				GCC_WARN_ABOUT_RETURN_TYPE = YES_ERROR;
				GCC_WARN_UNDECLARED_SELECTOR = YES;
				GCC_WARN_UNINITIALIZED_AUTOS = YES_AGGRESSIVE;
				GCC_WARN_UNUSED_FUNCTION = YES;
				GCC_WARN_UNUSED_VARIABLE = YES;
				IPHONEOS_DEPLOYMENT_TARGET = 9.2;
				MTL_ENABLE_DEBUG_INFO = NO;
				SDKROOT = iphoneos;
				TARGETED_DEVICE_FAMILY = "1,2";
				VALIDATE_PRODUCT = YES;
			};
			name = Release;
		};
		03D10AF51C780F5200DCFCA6 /* Debug */ = {
			isa = XCBuildConfiguration;
			buildSettings = {
				ARCHS = (
					"$(ARCHS_STANDARD)",
					armv7s,
					armv7,
				);
				ASSETCATALOG_COMPILER_APPICON_NAME = AppIcon;
				CLANG_CXX_LIBRARY = "libc++";
				CODE_SIGN_IDENTITY = "iPhone Developer";
				"CODE_SIGN_IDENTITY[sdk=iphoneos*]" = "iPhone Developer";
				ENABLE_BITCODE = NO;
				FRAMEWORK_SEARCH_PATHS = (
					"$(inherited)",
					"$(PROJECT_DIR)/cameraDeal",
					"$(PROJECT_DIR)/cameraDeal/Pods/OpenCV",
				);
				GCC_C_LANGUAGE_STANDARD = gnu89;
				GCC_INPUT_FILETYPE = automatic;
				GCC_PRECOMPILE_PREFIX_HEADER = YES;
				GCC_PREFIX_HEADER = "$(SRCROOT)/cameraDeal/cameraDeal.pch";
				INFOPLIST_FILE = cameraDeal/Info.plist;
				IPHONEOS_DEPLOYMENT_TARGET = 9.0;
				LD_RUNPATH_SEARCH_PATHS = "$(inherited) @executable_path/Frameworks";
				LIBRARY_SEARCH_PATHS = (
					"$(inherited)",
					"$(PROJECT_DIR)/cameraDeal/Tesseract/lib",
					"$(PROJECT_DIR)/cameraDeal/Pods/Tesseract/lib",
					"$(PROJECT_DIR)/cameraDeal/Tesseract-OCR-iOS/TesseractOCR/lib",
				);
				OTHER_LDFLAGS = "";
				PRODUCT_BUNDLE_IDENTIFIER = com.changyanlong.cameraDeal;
				PRODUCT_NAME = "$(TARGET_NAME)";
				PROVISIONING_PROFILE = "";
				VALID_ARCHS = "arm64 armv7 armv7s armv6";
			};
			name = Debug;
		};
		03D10AF61C780F5200DCFCA6 /* Release */ = {
			isa = XCBuildConfiguration;
			buildSettings = {
				ARCHS = (
					"$(ARCHS_STANDARD)",
					armv7s,
					armv7,
				);
				ASSETCATALOG_COMPILER_APPICON_NAME = AppIcon;
				CLANG_CXX_LIBRARY = "libc++";
				CODE_SIGN_IDENTITY = "iPhone Developer";
				"CODE_SIGN_IDENTITY[sdk=iphoneos*]" = "iPhone Developer";
				ENABLE_BITCODE = NO;
				FRAMEWORK_SEARCH_PATHS = (
					"$(inherited)",
					"$(PROJECT_DIR)/cameraDeal",
					"$(PROJECT_DIR)/cameraDeal/Pods/OpenCV",
				);
				GCC_C_LANGUAGE_STANDARD = gnu89;
				GCC_INPUT_FILETYPE = automatic;
				GCC_PRECOMPILE_PREFIX_HEADER = YES;
				GCC_PREFIX_HEADER = "$(SRCROOT)/cameraDeal/cameraDeal.pch";
				INFOPLIST_FILE = cameraDeal/Info.plist;
				IPHONEOS_DEPLOYMENT_TARGET = 9.0;
				LD_RUNPATH_SEARCH_PATHS = "$(inherited) @executable_path/Frameworks";
				LIBRARY_SEARCH_PATHS = (
					"$(inherited)",
					"$(PROJECT_DIR)/cameraDeal/Tesseract/lib",
					"$(PROJECT_DIR)/cameraDeal/Pods/Tesseract/lib",
					"$(PROJECT_DIR)/cameraDeal/Tesseract-OCR-iOS/TesseractOCR/lib",
				);
				OTHER_LDFLAGS = "";
				PRODUCT_BUNDLE_IDENTIFIER = com.changyanlong.cameraDeal;
				PRODUCT_NAME = "$(TARGET_NAME)";
				PROVISIONING_PROFILE = "";
				VALID_ARCHS = "arm64 armv7 armv7s armv6";
			};
			name = Release;
		};
		03D10AF81C780F5200DCFCA6 /* Debug */ = {
			isa = XCBuildConfiguration;
			buildSettings = {
				BUNDLE_LOADER = "$(TEST_HOST)";
				FRAMEWORK_SEARCH_PATHS = (
					"$(inherited)",
					"$(PROJECT_DIR)/cameraDeal",
				);
				INFOPLIST_FILE = cameraDealTests/Info.plist;
				LD_RUNPATH_SEARCH_PATHS = "$(inherited) @executable_path/Frameworks @loader_path/Frameworks";
				LIBRARY_SEARCH_PATHS = (
					"$(inherited)",
					"$(PROJECT_DIR)/cameraDeal/Tesseract-OCR-iOS/TesseractOCR/lib",
				);
				PRODUCT_BUNDLE_IDENTIFIER = com.changyanlong.cameraDealTests;
				PRODUCT_NAME = "$(TARGET_NAME)";
				TEST_HOST = "$(BUILT_PRODUCTS_DIR)/cameraDeal.app/cameraDeal";
			};
			name = Debug;
		};
		03D10AF91C780F5200DCFCA6 /* Release */ = {
			isa = XCBuildConfiguration;
			buildSettings = {
				BUNDLE_LOADER = "$(TEST_HOST)";
				FRAMEWORK_SEARCH_PATHS = (
					"$(inherited)",
					"$(PROJECT_DIR)/cameraDeal",
				);
				INFOPLIST_FILE = cameraDealTests/Info.plist;
				LD_RUNPATH_SEARCH_PATHS = "$(inherited) @executable_path/Frameworks @loader_path/Frameworks";
				LIBRARY_SEARCH_PATHS = (
					"$(inherited)",
					"$(PROJECT_DIR)/cameraDeal/Tesseract-OCR-iOS/TesseractOCR/lib",
				);
				PRODUCT_BUNDLE_IDENTIFIER = com.changyanlong.cameraDealTests;
				PRODUCT_NAME = "$(TARGET_NAME)";
				TEST_HOST = "$(BUILT_PRODUCTS_DIR)/cameraDeal.app/cameraDeal";
			};
			name = Release;
		};
		03D10AFB1C780F5200DCFCA6 /* Debug */ = {
			isa = XCBuildConfiguration;
			buildSettings = {
				FRAMEWORK_SEARCH_PATHS = (
					"$(inherited)",
					"$(PROJECT_DIR)/cameraDeal",
				);
				INFOPLIST_FILE = cameraDealUITests/Info.plist;
				LD_RUNPATH_SEARCH_PATHS = "$(inherited) @executable_path/Frameworks @loader_path/Frameworks";
				LIBRARY_SEARCH_PATHS = (
					"$(inherited)",
					"$(PROJECT_DIR)/cameraDeal/Tesseract-OCR-iOS/TesseractOCR/lib",
				);
				PRODUCT_BUNDLE_IDENTIFIER = com.changyanlong.cameraDealUITests;
				PRODUCT_NAME = "$(TARGET_NAME)";
				TEST_TARGET_NAME = cameraDeal;
				USES_XCTRUNNER = YES;
			};
			name = Debug;
		};
		03D10AFC1C780F5200DCFCA6 /* Release */ = {
			isa = XCBuildConfiguration;
			buildSettings = {
				FRAMEWORK_SEARCH_PATHS = (
					"$(inherited)",
					"$(PROJECT_DIR)/cameraDeal",
				);
				INFOPLIST_FILE = cameraDealUITests/Info.plist;
				LD_RUNPATH_SEARCH_PATHS = "$(inherited) @executable_path/Frameworks @loader_path/Frameworks";
				LIBRARY_SEARCH_PATHS = (
					"$(inherited)",
					"$(PROJECT_DIR)/cameraDeal/Tesseract-OCR-iOS/TesseractOCR/lib",
				);
				PRODUCT_BUNDLE_IDENTIFIER = com.changyanlong.cameraDealUITests;
				PRODUCT_NAME = "$(TARGET_NAME)";
				TEST_TARGET_NAME = cameraDeal;
				USES_XCTRUNNER = YES;
			};
			name = Release;
		};
/* End XCBuildConfiguration section */

/* Begin XCConfigurationList section */
		03D10AC21C780F5200DCFCA6 /* Build configuration list for PBXProject "cameraDeal" */ = {
			isa = XCConfigurationList;
			buildConfigurations = (
				03D10AF21C780F5200DCFCA6 /* Debug */,
				03D10AF31C780F5200DCFCA6 /* Release */,
			);
			defaultConfigurationIsVisible = 0;
			defaultConfigurationName = Release;
		};
		03D10AF41C780F5200DCFCA6 /* Build configuration list for PBXNativeTarget "cameraDeal" */ = {
			isa = XCConfigurationList;
			buildConfigurations = (
				03D10AF51C780F5200DCFCA6 /* Debug */,
				03D10AF61C780F5200DCFCA6 /* Release */,
			);
			defaultConfigurationIsVisible = 0;
			defaultConfigurationName = Release;
		};
		03D10AF71C780F5200DCFCA6 /* Build configuration list for PBXNativeTarget "cameraDealTests" */ = {
			isa = XCConfigurationList;
			buildConfigurations = (
				03D10AF81C780F5200DCFCA6 /* Debug */,
				03D10AF91C780F5200DCFCA6 /* Release */,
			);
			defaultConfigurationIsVisible = 0;
			defaultConfigurationName = Release;
		};
		03D10AFA1C780F5200DCFCA6 /* Build configuration list for PBXNativeTarget "cameraDealUITests" */ = {
			isa = XCConfigurationList;
			buildConfigurations = (
				03D10AFB1C780F5200DCFCA6 /* Debug */,
				03D10AFC1C780F5200DCFCA6 /* Release */,
			);
			defaultConfigurationIsVisible = 0;
			defaultConfigurationName = Release;
		};
/* End XCConfigurationList section */
	};
	rootObject = 03D10ABF1C780F5200DCFCA6 /* Project object */;
}
